
Microsoft Visual Studio Solution File, Format Version 12.00
# Visual Studio Version 17
VisualStudioVersion = 17.3.32922.545
MinimumVisualStudioVersion = 10.0.40219.1
Project("{FAE04EC0-301F-11D3-BF4B-00C04F79EFBC}") = "Array Storing Lab", "Array Storing Lab\Array Storing Lab.csproj", "{99610A9E-A313-495D-9C55-1165868280D5}"
EndProject
Global
	GlobalSection(SolutionConfigurationPlatforms) = preSolution
		Debug|Any CPU = Debug|Any CPU
		Release|Any CPU = Release|Any CPU
	EndGlobalSection
	GlobalSection(ProjectConfigurationPlatforms) = postSolution
		{99610A9E-A313-495D-9C55-1165868280D5}.Debug|Any CPU.ActiveCfg = Debug|Any CPU
		{99610A9E-A313-495D-9C55-1165868280D5}.Debug|Any CPU.Build.0 = Debug|Any CPU
		{99610A9E-A313-495D-9C55-1165868280D5}.Release|Any CPU.ActiveCfg = Release|Any CPU
		{99610A9E-A313-495D-9C55-1165868280D5}.Release|Any CPU.Build.0 = Release|Any CPU
	EndGlobalSection
	GlobalSection(SolutionProperties) = preSolution
		HideSolutionNode = FALSE
	EndGlobalSection
	GlobalSection(ExtensibilityGlobals) = postSolution
		SolutionGuid = {A10A6B00-0DFE-47A0-8187-3A7FA212C901}
	EndGlobalSection
EndGlobal
